
Microsoft Visual Studio Solution File, Format Version 12.00
# Visual Studio Version 16
VisualStudioVersion = 16.0.28803.452
MinimumVisualStudioVersion = 10.0.40219.1
Project("{FAE04EC0-301F-11D3-BF4B-00C04F79EFBC}") = "SinglePageAppKnockOut", "SinglePageAppKnockOut\SinglePageAppKnockOut.csproj", "{4F9524A2-D4AD-4E2C-831B-4A03ECCACE23}"
EndProject
Global
	GlobalSection(SolutionConfigurationPlatforms) = preSolution
		Debug|Any CPU = Debug|Any CPU
		Release|Any CPU = Release|Any CPU
	EndGlobalSection
	GlobalSection(ProjectConfigurationPlatforms) = postSolution
		{4F9524A2-D4AD-4E2C-831B-4A03ECCACE23}.Debug|Any CPU.ActiveCfg = Debug|Any CPU
		{4F9524A2-D4AD-4E2C-831B-4A03ECCACE23}.Debug|Any CPU.Build.0 = Debug|Any CPU
		{4F9524A2-D4AD-4E2C-831B-4A03ECCACE23}.Release|Any CPU.ActiveCfg = Release|Any CPU
		{4F9524A2-D4AD-4E2C-831B-4A03ECCACE23}.Release|Any CPU.Build.0 = Release|Any CPU
	EndGlobalSection
	GlobalSection(SolutionProperties) = preSolution
		HideSolutionNode = FALSE
	EndGlobalSection
	GlobalSection(ExtensibilityGlobals) = postSolution
		SolutionGuid = {8E2158D4-7541-459D-9FE9-405D61A57B54}
	EndGlobalSection
EndGlobal
